
Microsoft Visual Studio Solution File, Format Version 12.00
# Visual Studio Version 17
VisualStudioVersion = 17.9.34616.47
MinimumVisualStudioVersion = 10.0.40219.1
Project("{FAE04EC0-301F-11D3-BF4B-00C04F79EFBC}") = "iCantina", "iCantina.csproj", "{C0525415-4764-477D-A10C-1E69B9D8135C}"
EndProject
Global
	GlobalSection(SolutionConfigurationPlatforms) = preSolution
		Debug|Any CPU = Debug|Any CPU
		Release|Any CPU = Release|Any CPU
	EndGlobalSection
	GlobalSection(ProjectConfigurationPlatforms) = postSolution
		{C0525415-4764-477D-A10C-1E69B9D8135C}.Debug|Any CPU.ActiveCfg = Debug|Any CPU
		{C0525415-4764-477D-A10C-1E69B9D8135C}.Debug|Any CPU.Build.0 = Debug|Any CPU
		{C0525415-4764-477D-A10C-1E69B9D8135C}.Release|Any CPU.ActiveCfg = Release|Any CPU
		{C0525415-4764-477D-A10C-1E69B9D8135C}.Release|Any CPU.Build.0 = Release|Any CPU
	EndGlobalSection
	GlobalSection(SolutionProperties) = preSolution
		HideSolutionNode = FALSE
	EndGlobalSection
	GlobalSection(ExtensibilityGlobals) = postSolution
		SolutionGuid = {0880078F-5D2C-44D1-855D-C74A78CEC2C5}
	EndGlobalSection
EndGlobal
